
Microsoft Visual Studio Solution File, Format Version 12.00
# Visual Studio Version 17
VisualStudioVersion = 17.13.35825.156 d17.13
MinimumVisualStudioVersion = 10.0.40219.1
Project("{FAE04EC0-301F-11D3-BF4B-00C04F79EFBC}") = "Dh_NetClientTests", "Dh_NetClientTests.csproj", "{F17AD94B-7BA5-4B5B-B865-C80C497AC047}"
EndProject
Project("{FAE04EC0-301F-11D3-BF4B-00C04F79EFBC}") = "Dh_NetClient", "..\Dh_NetClient\Dh_NetClient.csproj", "{3A7CA91F-2F34-E397-59BC-97F727BF098D}"
EndProject
Global
	GlobalSection(SolutionConfigurationPlatforms) = preSolution
		Debug|Any CPU = Debug|Any CPU
		Release|Any CPU = Release|Any CPU
	EndGlobalSection
	GlobalSection(ProjectConfigurationPlatforms) = postSolution
		{F17AD94B-7BA5-4B5B-B865-C80C497AC047}.Debug|Any CPU.ActiveCfg = Debug|Any CPU
		{F17AD94B-7BA5-4B5B-B865-C80C497AC047}.Debug|Any CPU.Build.0 = Debug|Any CPU
		{F17AD94B-7BA5-4B5B-B865-C80C497AC047}.Release|Any CPU.ActiveCfg = Release|Any CPU
		{F17AD94B-7BA5-4B5B-B865-C80C497AC047}.Release|Any CPU.Build.0 = Release|Any CPU
		{3A7CA91F-2F34-E397-59BC-97F727BF098D}.Debug|Any CPU.ActiveCfg = Debug|Any CPU
		{3A7CA91F-2F34-E397-59BC-97F727BF098D}.Debug|Any CPU.Build.0 = Debug|Any CPU
		{3A7CA91F-2F34-E397-59BC-97F727BF098D}.Release|Any CPU.ActiveCfg = Release|Any CPU
		{3A7CA91F-2F34-E397-59BC-97F727BF098D}.Release|Any CPU.Build.0 = Release|Any CPU
	EndGlobalSection
	GlobalSection(SolutionProperties) = preSolution
		HideSolutionNode = FALSE
	EndGlobalSection
	GlobalSection(ExtensibilityGlobals) = postSolution
		SolutionGuid = {0694E91C-EFD1-4E8B-ADE1-8DEF001A0606}
	EndGlobalSection
EndGlobal
