
Microsoft Visual Studio Solution File, Format Version 12.00
# Visual Studio Version 17
VisualStudioVersion = 17.7.34221.43
MinimumVisualStudioVersion = 10.0.40219.1
Project("{9A19103F-16F7-4668-BE54-9A1E7A4F7556}") = "ExcelAddIn", "ExcelAddIn.csproj", "{08852A0D-DB96-404E-B3CE-BF30F2AD3F74}"
EndProject
Project("{9A19103F-16F7-4668-BE54-9A1E7A4F7556}") = "DeephavenClient", "..\client\DeephavenClient\DeephavenClient.csproj", "{6848407D-1CEF-4433-92F4-6047AE3D2C52}"
EndProject
Global
	GlobalSection(SolutionConfigurationPlatforms) = preSolution
		Debug|Any CPU = Debug|Any CPU
		Release|Any CPU = Release|Any CPU
	EndGlobalSection
	GlobalSection(ProjectConfigurationPlatforms) = postSolution
		{08852A0D-DB96-404E-B3CE-BF30F2AD3F74}.Debug|Any CPU.ActiveCfg = Debug|Any CPU
		{08852A0D-DB96-404E-B3CE-BF30F2AD3F74}.Debug|Any CPU.Build.0 = Debug|Any CPU
		{08852A0D-DB96-404E-B3CE-BF30F2AD3F74}.Release|Any CPU.ActiveCfg = Release|Any CPU
		{08852A0D-DB96-404E-B3CE-BF30F2AD3F74}.Release|Any CPU.Build.0 = Release|Any CPU
		{6848407D-1CEF-4433-92F4-6047AE3D2C52}.Debug|Any CPU.ActiveCfg = Debug|Any CPU
		{6848407D-1CEF-4433-92F4-6047AE3D2C52}.Debug|Any CPU.Build.0 = Debug|Any CPU
		{6848407D-1CEF-4433-92F4-6047AE3D2C52}.Release|Any CPU.ActiveCfg = Release|Any CPU
		{6848407D-1CEF-4433-92F4-6047AE3D2C52}.Release|Any CPU.Build.0 = Release|Any CPU
	EndGlobalSection
	GlobalSection(SolutionProperties) = preSolution
		HideSolutionNode = FALSE
	EndGlobalSection
	GlobalSection(ExtensibilityGlobals) = postSolution
		SolutionGuid = {A22A4DB3-DD84-46EB-96A6-7935E9E59356}
	EndGlobalSection
EndGlobal
