
Microsoft Visual Studio Solution File, Format Version 12.00
# Visual Studio Version 17
VisualStudioVersion = 17.7.34221.43
MinimumVisualStudioVersion = 10.0.40219.1
Project("{FAE04EC0-301F-11D3-BF4B-00C04F79EFBC}") = "invokefun", "invokefun.csproj", "{086ED36A-7715-4E86-BE3C-3BDC29A4A7E0}"
EndProject
Global
	GlobalSection(SolutionConfigurationPlatforms) = preSolution
		Debug|Any CPU = Debug|Any CPU
		Release|Any CPU = Release|Any CPU
	EndGlobalSection
	GlobalSection(ProjectConfigurationPlatforms) = postSolution
		{086ED36A-7715-4E86-BE3C-3BDC29A4A7E0}.Debug|Any CPU.ActiveCfg = Debug|Any CPU
		{086ED36A-7715-4E86-BE3C-3BDC29A4A7E0}.Debug|Any CPU.Build.0 = Debug|Any CPU
		{086ED36A-7715-4E86-BE3C-3BDC29A4A7E0}.Release|Any CPU.ActiveCfg = Release|Any CPU
		{086ED36A-7715-4E86-BE3C-3BDC29A4A7E0}.Release|Any CPU.Build.0 = Release|Any CPU
	EndGlobalSection
	GlobalSection(SolutionProperties) = preSolution
		HideSolutionNode = FALSE
	EndGlobalSection
	GlobalSection(ExtensibilityGlobals) = postSolution
		SolutionGuid = {D70AE701-E655-40D7-B5CF-55DFE321253B}
	EndGlobalSection
EndGlobal
